
Microsoft Visual Studio Solution File, Format Version 12.00
# Visual Studio Version 16
VisualStudioVersion = 16.0.31702.278
MinimumVisualStudioVersion = 10.0.40219.1
Project("{FAE04EC0-301F-11D3-BF4B-00C04F79EFBC}") = "Password_Registration_Lab", "Password_Registration_Lab.csproj", "{75653664-5C60-42D3-9B44-9251F64F0D64}"
EndProject
Global
	GlobalSection(SolutionConfigurationPlatforms) = preSolution
		Debug|Any CPU = Debug|Any CPU
		Release|Any CPU = Release|Any CPU
	EndGlobalSection
	GlobalSection(ProjectConfigurationPlatforms) = postSolution
		{75653664-5C60-42D3-9B44-9251F64F0D64}.Debug|Any CPU.ActiveCfg = Debug|Any CPU
		{75653664-5C60-42D3-9B44-9251F64F0D64}.Debug|Any CPU.Build.0 = Debug|Any CPU
		{75653664-5C60-42D3-9B44-9251F64F0D64}.Release|Any CPU.ActiveCfg = Release|Any CPU
		{75653664-5C60-42D3-9B44-9251F64F0D64}.Release|Any CPU.Build.0 = Release|Any CPU
	EndGlobalSection
	GlobalSection(SolutionProperties) = preSolution
		HideSolutionNode = FALSE
	EndGlobalSection
	GlobalSection(ExtensibilityGlobals) = postSolution
		SolutionGuid = {3EFF2844-F086-4148-B2E8-DFB04A8166E9}
	EndGlobalSection
EndGlobal
